
Microsoft Visual Studio Solution File, Format Version 12.00
# Visual Studio Version 17
VisualStudioVersion = 17.10.34928.147
MinimumVisualStudioVersion = 10.0.40219.1
Project("{FAE04EC0-301F-11D3-BF4B-00C04F79EFBC}") = "SocialNetwork.Domain", "SocialNetwork.Domain\SocialNetwork.Domain.csproj", "{D18C75D7-9DF8-4AA3-AA5F-EF110725239C}"
EndProject
Project("{FAE04EC0-301F-11D3-BF4B-00C04F79EFBC}") = "SocialNetwork.API", "SocialNetwork.API\SocialNetwork.API.csproj", "{783442E3-3886-4F98-ADE5-B05A5FCB917B}"
EndProject
Global
	GlobalSection(SolutionConfigurationPlatforms) = preSolution
		Debug|Any CPU = Debug|Any CPU
		Release|Any CPU = Release|Any CPU
	EndGlobalSection
	GlobalSection(ProjectConfigurationPlatforms) = postSolution
		{D18C75D7-9DF8-4AA3-AA5F-EF110725239C}.Debug|Any CPU.ActiveCfg = Debug|Any CPU
		{D18C75D7-9DF8-4AA3-AA5F-EF110725239C}.Debug|Any CPU.Build.0 = Debug|Any CPU
		{D18C75D7-9DF8-4AA3-AA5F-EF110725239C}.Release|Any CPU.ActiveCfg = Release|Any CPU
		{D18C75D7-9DF8-4AA3-AA5F-EF110725239C}.Release|Any CPU.Build.0 = Release|Any CPU
		{783442E3-3886-4F98-ADE5-B05A5FCB917B}.Debug|Any CPU.ActiveCfg = Debug|Any CPU
		{783442E3-3886-4F98-ADE5-B05A5FCB917B}.Debug|Any CPU.Build.0 = Debug|Any CPU
		{783442E3-3886-4F98-ADE5-B05A5FCB917B}.Release|Any CPU.ActiveCfg = Release|Any CPU
		{783442E3-3886-4F98-ADE5-B05A5FCB917B}.Release|Any CPU.Build.0 = Release|Any CPU
	EndGlobalSection
	GlobalSection(SolutionProperties) = preSolution
		HideSolutionNode = FALSE
	EndGlobalSection
	GlobalSection(ExtensibilityGlobals) = postSolution
		SolutionGuid = {6696C925-4C9E-4113-A968-408E3E127C68}
	EndGlobalSection
EndGlobal
